
Microsoft Visual Studio Solution File, Format Version 12.00
# Visual Studio Express 2012 for Windows Desktop
Project("{FAE04EC0-301F-11D3-BF4B-00C04F79EFBC}") = "BarbersWallClock", "BarbersWallClock\BarbersWallClock.csproj", "{58900256-756B-4ADB-B092-51F8CC58BEE7}"
EndProject
Project("{FAE04EC0-301F-11D3-BF4B-00C04F79EFBC}") = "Agent.Contrib", "..\AGENT.Contrib\Agent.Contrib\Agent.Contrib.csproj", "{C13C6D79-545D-40EB-9F3C-8746C99C259C}"
EndProject
Project("{FAE04EC0-301F-11D3-BF4B-00C04F79EFBC}") = "AGENT.AZMutil", "..\AGENT.AZMutil\AGENT.AZMutil\AGENT.AZMutil.csproj", "{56ABB1CF-007B-4531-8157-DBF408ECBBD9}"
EndProject
Global
	GlobalSection(SolutionConfigurationPlatforms) = preSolution
		Debug|Any CPU = Debug|Any CPU
		Release|Any CPU = Release|Any CPU
	EndGlobalSection
	GlobalSection(ProjectConfigurationPlatforms) = postSolution
		{58900256-756B-4ADB-B092-51F8CC58BEE7}.Debug|Any CPU.ActiveCfg = Debug|Any CPU
		{58900256-756B-4ADB-B092-51F8CC58BEE7}.Debug|Any CPU.Build.0 = Debug|Any CPU
		{58900256-756B-4ADB-B092-51F8CC58BEE7}.Debug|Any CPU.Deploy.0 = Debug|Any CPU
		{58900256-756B-4ADB-B092-51F8CC58BEE7}.Release|Any CPU.ActiveCfg = Release|Any CPU
		{58900256-756B-4ADB-B092-51F8CC58BEE7}.Release|Any CPU.Build.0 = Release|Any CPU
		{58900256-756B-4ADB-B092-51F8CC58BEE7}.Release|Any CPU.Deploy.0 = Release|Any CPU
		{C13C6D79-545D-40EB-9F3C-8746C99C259C}.Debug|Any CPU.ActiveCfg = Debug|Any CPU
		{C13C6D79-545D-40EB-9F3C-8746C99C259C}.Debug|Any CPU.Build.0 = Debug|Any CPU
		{C13C6D79-545D-40EB-9F3C-8746C99C259C}.Release|Any CPU.ActiveCfg = Release|Any CPU
		{C13C6D79-545D-40EB-9F3C-8746C99C259C}.Release|Any CPU.Build.0 = Release|Any CPU
		{56ABB1CF-007B-4531-8157-DBF408ECBBD9}.Debug|Any CPU.ActiveCfg = Debug|Any CPU
		{56ABB1CF-007B-4531-8157-DBF408ECBBD9}.Debug|Any CPU.Build.0 = Debug|Any CPU
		{56ABB1CF-007B-4531-8157-DBF408ECBBD9}.Release|Any CPU.ActiveCfg = Release|Any CPU
		{56ABB1CF-007B-4531-8157-DBF408ECBBD9}.Release|Any CPU.Build.0 = Release|Any CPU
	EndGlobalSection
	GlobalSection(SolutionProperties) = preSolution
		HideSolutionNode = FALSE
	EndGlobalSection
EndGlobal
